// !$*UTF8*$!
{
	archiveVersion = 1;
	classes = {
	};
	objectVersion = 52;
	objects = {

/* Begin PBXBuildFile section */
		1606FC41018897B70BD3E0A6 /* Pods_demo.framework in Frameworks */ = {isa = PBXBuildFile; fileRef = 46A3A41545A58068B99DDE91 /* Pods_demo.framework */; };
		5D8774352849F26000679243 /* WebKit.framework in Frameworks */ = {isa = PBXBuildFile; fileRef = 5D8774342849F26000679243 /* WebKit.framework */; };
		5DC1D4D8284A362000FBC4A8 /* Loading.swift in Sources */ = {isa = PBXBuildFile; fileRef = 5DC1D4D7284A362000FBC4A8 /* Loading.swift */; };
		5DC1D4DA284A36EE00FBC4A8 /* DesignControl.swift in Sources */ = {isa = PBXBuildFile; fileRef = 5DC1D4D9284A36EE00FBC4A8 /* DesignControl.swift */; };
		5DFF2503284E229700B32C7C /* FirebaseAnalytics in Frameworks */ = {isa = PBXBuildFile; productRef = 5DFF2502284E229700B32C7C /* FirebaseAnalytics */; };
		5DFF2505284E229700B32C7C /* FirebaseMessaging in Frameworks */ = {isa = PBXBuildFile; productRef = 5DFF2504284E229700B32C7C /* FirebaseMessaging */; };
		5DFF2509284E2D0B00B32C7C /* GoogleService-Info.plist in Resources */ = {isa = PBXBuildFile; fileRef = 5DFF2508284E2D0B00B32C7C /* GoogleService-Info.plist */; };
		5DFF250B284F512600B32C7C /* SilentPushNotificationService.swift in Sources */ = {isa = PBXBuildFile; fileRef = 5DFF250A284F512600B32C7C /* SilentPushNotificationService.swift */; };
		901648D92811A1BC0018FDE2 /* PhotoTableView.swift in Sources */ = {isa = PBXBuildFile; fileRef = 901648D82811A1BC0018FDE2 /* PhotoTableView.swift */; };
		901648E12811F9C50018FDE2 /* WebImageView.swift in Sources */ = {isa = PBXBuildFile; fileRef = 901648E02811F9C50018FDE2 /* WebImageView.swift */; };
		901648E72812E0780018FDE2 /* ImageStore.swift in Sources */ = {isa = PBXBuildFile; fileRef = 901648E62812E0780018FDE2 /* ImageStore.swift */; };
		901648EA2812E0C50018FDE2 /* WebImageViewController.swift in Sources */ = {isa = PBXBuildFile; fileRef = 901648E92812E0C50018FDE2 /* WebImageViewController.swift */; };
		901648EF2812EB8D0018FDE2 /* Alert.swift in Sources */ = {isa = PBXBuildFile; fileRef = 901648EE2812EB8D0018FDE2 /* Alert.swift */; };
		9094CC7F280EF10D00ED386D /* AppDelegate.swift in Sources */ = {isa = PBXBuildFile; fileRef = 9094CC7E280EF10D00ED386D /* AppDelegate.swift */; };
		9094CC81280EF10D00ED386D /* SceneDelegate.swift in Sources */ = {isa = PBXBuildFile; fileRef = 9094CC80280EF10D00ED386D /* SceneDelegate.swift */; };
		9094CC86280EF10D00ED386D /* Main.storyboard in Resources */ = {isa = PBXBuildFile; fileRef = 9094CC84280EF10D00ED386D /* Main.storyboard */; };
		9094CC88280EF10F00ED386D /* Assets.xcassets in Resources */ = {isa = PBXBuildFile; fileRef = 9094CC87280EF10F00ED386D /* Assets.xcassets */; };
		9094CC8B280EF10F00ED386D /* LaunchScreen.storyboard in Resources */ = {isa = PBXBuildFile; fileRef = 9094CC89280EF10F00ED386D /* LaunchScreen.storyboard */; };
		9094CC9E280EF26F00ED386D /* Request.swift in Sources */ = {isa = PBXBuildFile; fileRef = 9094CC9D280EF26F00ED386D /* Request.swift */; };
		9094CCA5280EF53A00ED386D /* Album.swift in Sources */ = {isa = PBXBuildFile; fileRef = 9094CCA4280EF53A00ED386D /* Album.swift */; };
		9094CCA8280EFD2E00ED386D /* Photo.swift in Sources */ = {isa = PBXBuildFile; fileRef = 9094CCA7280EFD2E00ED386D /* Photo.swift */; };
		9094CCAD280FE65000ED386D /* PhotoViewCell.swift in Sources */ = {isa = PBXBuildFile; fileRef = 9094CCAB280FE65000ED386D /* PhotoViewCell.swift */; };
		9094CCAE280FE65000ED386D /* PhotoViewCellLeft.xib in Resources */ = {isa = PBXBuildFile; fileRef = 9094CCAC280FE65000ED386D /* PhotoViewCellLeft.xib */; };
		9094CCB6280FE95F00ED386D /* PhotoTableViewController.swift in Sources */ = {isa = PBXBuildFile; fileRef = 9094CCB5280FE95F00ED386D /* PhotoTableViewController.swift */; };
		9094CCC8280FFB5200ED386D /* PhotoViewCellRight.xib in Resources */ = {isa = PBXBuildFile; fileRef = 9094CCC6280FFB5200ED386D /* PhotoViewCellRight.xib */; };
/* End PBXBuildFile section */

/* Begin PBXCopyFilesBuildPhase section */
		5DFF24FE284DF96F00B32C7C /* Embed App Extensions */ = {
			isa = PBXCopyFilesBuildPhase;
			buildActionMask = 2147483647;
			dstPath = "";
			dstSubfolderSpec = 13;
			files = (
			);
			name = "Embed App Extensions";
			runOnlyForDeploymentPostprocessing = 0;
		};
/* End PBXCopyFilesBuildPhase section */

/* Begin PBXFileReference section */
		46A3A41545A58068B99DDE91 /* Pods_demo.framework */ = {isa = PBXFileReference; explicitFileType = wrapper.framework; includeInIndex = 0; path = Pods_demo.framework; sourceTree = BUILT_PRODUCTS_DIR; };
		5D8774332848EBFB00679243 /* demo.entitlements */ = {isa = PBXFileReference; lastKnownFileType = text.plist.entitlements; path = demo.entitlements; sourceTree = "<group>"; };
		5D8774342849F26000679243 /* WebKit.framework */ = {isa = PBXFileReference; lastKnownFileType = wrapper.framework; name = WebKit.framework; path = System/Library/Frameworks/WebKit.framework; sourceTree = SDKROOT; };
		5DC1D4D7284A362000FBC4A8 /* Loading.swift */ = {isa = PBXFileReference; lastKnownFileType = sourcecode.swift; path = Loading.swift; sourceTree = "<group>"; };
		5DC1D4D9284A36EE00FBC4A8 /* DesignControl.swift */ = {isa = PBXFileReference; lastKnownFileType = sourcecode.swift; path = DesignControl.swift; sourceTree = "<group>"; };
		5DFF2508284E2D0B00B32C7C /* GoogleService-Info.plist */ = {isa = PBXFileReference; fileEncoding = 4; lastKnownFileType = text.plist.xml; path = "GoogleService-Info.plist"; sourceTree = "<group>"; };
		5DFF250A284F512600B32C7C /* SilentPushNotificationService.swift */ = {isa = PBXFileReference; lastKnownFileType = sourcecode.swift; path = SilentPushNotificationService.swift; sourceTree = "<group>"; };
		778230EE47650F8D8F651B89 /* Pods-demo.debug.xcconfig */ = {isa = PBXFileReference; includeInIndex = 1; lastKnownFileType = text.xcconfig; name = "Pods-demo.debug.xcconfig"; path = "Target Support Files/Pods-demo/Pods-demo.debug.xcconfig"; sourceTree = "<group>"; };
		901648D82811A1BC0018FDE2 /* PhotoTableView.swift */ = {isa = PBXFileReference; lastKnownFileType = sourcecode.swift; path = PhotoTableView.swift; sourceTree = "<group>"; };
		901648E02811F9C50018FDE2 /* WebImageView.swift */ = {isa = PBXFileReference; lastKnownFileType = sourcecode.swift; path = WebImageView.swift; sourceTree = "<group>"; };
		901648E62812E0780018FDE2 /* ImageStore.swift */ = {isa = PBXFileReference; fileEncoding = 4; lastKnownFileType = sourcecode.swift; path = ImageStore.swift; sourceTree = "<group>"; };
		901648E92812E0C50018FDE2 /* WebImageViewController.swift */ = {isa = PBXFileReference; fileEncoding = 4; lastKnownFileType = sourcecode.swift; path = WebImageViewController.swift; sourceTree = "<group>"; };
		901648EE2812EB8D0018FDE2 /* Alert.swift */ = {isa = PBXFileReference; lastKnownFileType = sourcecode.swift; path = Alert.swift; sourceTree = "<group>"; };
		9094CC7B280EF10D00ED386D /* demo.app */ = {isa = PBXFileReference; explicitFileType = wrapper.application; includeInIndex = 0; path = demo.app; sourceTree = BUILT_PRODUCTS_DIR; };
		9094CC7E280EF10D00ED386D /* AppDelegate.swift */ = {isa = PBXFileReference; lastKnownFileType = sourcecode.swift; path = AppDelegate.swift; sourceTree = "<group>"; };
		9094CC80280EF10D00ED386D /* SceneDelegate.swift */ = {isa = PBXFileReference; lastKnownFileType = sourcecode.swift; path = SceneDelegate.swift; sourceTree = "<group>"; };
		9094CC85280EF10D00ED386D /* Base */ = {isa = PBXFileReference; lastKnownFileType = file.storyboard; name = Base; path = Base.lproj/Main.storyboard; sourceTree = "<group>"; };
		9094CC87280EF10F00ED386D /* Assets.xcassets */ = {isa = PBXFileReference; lastKnownFileType = folder.assetcatalog; path = Assets.xcassets; sourceTree = "<group>"; };
		9094CC8A280EF10F00ED386D /* Base */ = {isa = PBXFileReference; lastKnownFileType = file.storyboard; name = Base; path = Base.lproj/LaunchScreen.storyboard; sourceTree = "<group>"; };
		9094CC8C280EF10F00ED386D /* Info.plist */ = {isa = PBXFileReference; lastKnownFileType = text.plist.xml; path = Info.plist; sourceTree = "<group>"; };
		9094CC9D280EF26F00ED386D /* Request.swift */ = {isa = PBXFileReference; lastKnownFileType = sourcecode.swift; path = Request.swift; sourceTree = "<group>"; };
		9094CCA4280EF53A00ED386D /* Album.swift */ = {isa = PBXFileReference; lastKnownFileType = sourcecode.swift; path = Album.swift; sourceTree = "<group>"; };
		9094CCA7280EFD2E00ED386D /* Photo.swift */ = {isa = PBXFileReference; lastKnownFileType = sourcecode.swift; path = Photo.swift; sourceTree = "<group>"; };
		9094CCAB280FE65000ED386D /* PhotoViewCell.swift */ = {isa = PBXFileReference; lastKnownFileType = sourcecode.swift; path = PhotoViewCell.swift; sourceTree = "<group>"; };
		9094CCAC280FE65000ED386D /* PhotoViewCellLeft.xib */ = {isa = PBXFileReference; lastKnownFileType = file.xib; path = PhotoViewCellLeft.xib; sourceTree = "<group>"; };
		9094CCB5280FE95F00ED386D /* PhotoTableViewController.swift */ = {isa = PBXFileReference; lastKnownFileType = sourcecode.swift; name = PhotoTableViewController.swift; path = "demo/view controlers/PhotoTableViewController.swift"; sourceTree = SOURCE_ROOT; };
		9094CCC6280FFB5200ED386D /* PhotoViewCellRight.xib */ = {isa = PBXFileReference; lastKnownFileType = file.xib; path = PhotoViewCellRight.xib; sourceTree = "<group>"; };
		F4C4F9F99F910A6C569876C9 /* Pods-demo.release.xcconfig */ = {isa = PBXFileReference; includeInIndex = 1; lastKnownFileType = text.xcconfig; name = "Pods-demo.release.xcconfig"; path = "Target Support Files/Pods-demo/Pods-demo.release.xcconfig"; sourceTree = "<group>"; };
/* End PBXFileReference section */

/* Begin PBXFrameworksBuildPhase section */
		9094CC78280EF10D00ED386D /* Frameworks */ = {
			isa = PBXFrameworksBuildPhase;
			buildActionMask = 2147483647;
			files = (
				5DFF2505284E229700B32C7C /* FirebaseMessaging in Frameworks */,
				5D8774352849F26000679243 /* WebKit.framework in Frameworks */,
				1606FC41018897B70BD3E0A6 /* Pods_demo.framework in Frameworks */,
				5DFF2503284E229700B32C7C /* FirebaseAnalytics in Frameworks */,
			);
			runOnlyForDeploymentPostprocessing = 0;
		};
/* End PBXFrameworksBuildPhase section */

/* Begin PBXGroup section */
		2E1D053EE7692B6593967AC9 /* Frameworks */ = {
			isa = PBXGroup;
			children = (
				5D8774342849F26000679243 /* WebKit.framework */,
				46A3A41545A58068B99DDE91 /* Pods_demo.framework */,
			);
			name = Frameworks;
			sourceTree = "<group>";
		};
		7807620A5501F6753940DEFD /* Pods */ = {
			isa = PBXGroup;
			children = (
				778230EE47650F8D8F651B89 /* Pods-demo.debug.xcconfig */,
				F4C4F9F99F910A6C569876C9 /* Pods-demo.release.xcconfig */,
			);
			path = Pods;
			sourceTree = "<group>";
		};
		901648ED2812EB620018FDE2 /* alerts */ = {
			isa = PBXGroup;
			children = (
				901648EE2812EB8D0018FDE2 /* Alert.swift */,
				5DC1D4D7284A362000FBC4A8 /* Loading.swift */,
			);
			path = alerts;
			sourceTree = "<group>";
		};
		9094CC72280EF10D00ED386D = {
			isa = PBXGroup;
			children = (
				9094CC7D280EF10D00ED386D /* demo */,
				9094CC7C280EF10D00ED386D /* Products */,
				7807620A5501F6753940DEFD /* Pods */,
				2E1D053EE7692B6593967AC9 /* Frameworks */,
			);
			sourceTree = "<group>";
		};
		9094CC7C280EF10D00ED386D /* Products */ = {
			isa = PBXGroup;
			children = (
				9094CC7B280EF10D00ED386D /* demo.app */,
			);
			name = Products;
			sourceTree = "<group>";
		};
		9094CC7D280EF10D00ED386D /* demo */ = {
			isa = PBXGroup;
			children = (
				5D8774332848EBFB00679243 /* demo.entitlements */,
				9094CCAA280FE61D00ED386D /* cells */,
				9094CC97280EF18B00ED386D /* storyboards */,
				9094CC96280EF17900ED386D /* delegates */,
				9094CC95280EF16B00ED386D /* helpers */,
				9094CC94280EF15000ED386D /* view controlers */,
				9094CC87280EF10F00ED386D /* Assets.xcassets */,
				9094CC8C280EF10F00ED386D /* Info.plist */,
				5DFF2508284E2D0B00B32C7C /* GoogleService-Info.plist */,
			);
			path = demo;
			sourceTree = "<group>";
		};
		9094CC94280EF15000ED386D /* view controlers */ = {
			isa = PBXGroup;
			children = (
				901648E92812E0C50018FDE2 /* WebImageViewController.swift */,
				9094CCB5280FE95F00ED386D /* PhotoTableViewController.swift */,
			);
			path = "view controlers";
			sourceTree = "<group>";
		};
		9094CC95280EF16B00ED386D /* helpers */ = {
			isa = PBXGroup;
			children = (
				901648ED2812EB620018FDE2 /* alerts */,
				9094CCCF2810383600ED386D /* model */,
				9094CCCE2810382B00ED386D /* internet */,
				5DC1D4D9284A36EE00FBC4A8 /* DesignControl.swift */,
			);
			path = helpers;
			sourceTree = "<group>";
		};
		9094CC96280EF17900ED386D /* delegates */ = {
			isa = PBXGroup;
			children = (
				9094CC7E280EF10D00ED386D /* AppDelegate.swift */,
				9094CC80280EF10D00ED386D /* SceneDelegate.swift */,
			);
			path = delegates;
			sourceTree = "<group>";
		};
		9094CC97280EF18B00ED386D /* storyboards */ = {
			isa = PBXGroup;
			children = (
				9094CC84280EF10D00ED386D /* Main.storyboard */,
				9094CC89280EF10F00ED386D /* LaunchScreen.storyboard */,
			);
			path = storyboards;
			sourceTree = "<group>";
		};
		9094CCAA280FE61D00ED386D /* cells */ = {
			isa = PBXGroup;
			children = (
				9094CCAB280FE65000ED386D /* PhotoViewCell.swift */,
				9094CCAC280FE65000ED386D /* PhotoViewCellLeft.xib */,
				9094CCC6280FFB5200ED386D /* PhotoViewCellRight.xib */,
			);
			path = cells;
			sourceTree = "<group>";
		};
		9094CCCE2810382B00ED386D /* internet */ = {
			isa = PBXGroup;
			children = (
				5DFF250A284F512600B32C7C /* SilentPushNotificationService.swift */,
				9094CC9D280EF26F00ED386D /* Request.swift */,
				9094CCA4280EF53A00ED386D /* Album.swift */,
				9094CCA7280EFD2E00ED386D /* Photo.swift */,
			);
			path = internet;
			sourceTree = "<group>";
		};
		9094CCCF2810383600ED386D /* model */ = {
			isa = PBXGroup;
			children = (
				901648E62812E0780018FDE2 /* ImageStore.swift */,
				901648E02811F9C50018FDE2 /* WebImageView.swift */,
				901648D82811A1BC0018FDE2 /* PhotoTableView.swift */,
			);
			path = model;
			sourceTree = "<group>";
		};
/* End PBXGroup section */

/* Begin PBXNativeTarget section */
		9094CC7A280EF10D00ED386D /* demo */ = {
			isa = PBXNativeTarget;
			buildConfigurationList = 9094CC8F280EF10F00ED386D /* Build configuration list for PBXNativeTarget "demo" */;
			buildPhases = (
				1EC9FBB5F3960EC614009D02 /* [CP] Check Pods Manifest.lock */,
				9094CC77280EF10D00ED386D /* Sources */,
				9094CC78280EF10D00ED386D /* Frameworks */,
				9094CC79280EF10D00ED386D /* Resources */,
				A160471C91EDB6C23B834578 /* [CP] Embed Pods Frameworks */,
				5DFF24FE284DF96F00B32C7C /* Embed App Extensions */,
			);
			buildRules = (
			);
			dependencies = (
			);
			name = demo;
			packageProductDependencies = (
				5DFF2502284E229700B32C7C /* FirebaseAnalytics */,
				5DFF2504284E229700B32C7C /* FirebaseMessaging */,
			);
			productName = demo;
			productReference = 9094CC7B280EF10D00ED386D /* demo.app */;
			productType = "com.apple.product-type.application";
		};
/* End PBXNativeTarget section */

/* Begin PBXProject section */
		9094CC73280EF10D00ED386D /* Project object */ = {
			isa = PBXProject;
			attributes = {
				LastSwiftUpdateCheck = 1340;
				LastUpgradeCheck = 1200;
				TargetAttributes = {
					9094CC7A280EF10D00ED386D = {
						CreatedOnToolsVersion = 12.0.1;
					};
				};
			};
			buildConfigurationList = 9094CC76280EF10D00ED386D /* Build configuration list for PBXProject "demo" */;
			compatibilityVersion = "Xcode 9.3";
			developmentRegion = en;
			hasScannedForEncodings = 0;
			knownRegions = (
				en,
				Base,
			);
			mainGroup = 9094CC72280EF10D00ED386D;
			packageReferences = (
				5DFF2501284E229700B32C7C /* XCRemoteSwiftPackageReference "firebase-ios-sdk" */,
			);
			productRefGroup = 9094CC7C280EF10D00ED386D /* Products */;
			projectDirPath = "";
			projectRoot = "";
			targets = (
				9094CC7A280EF10D00ED386D /* demo */,
			);
		};
/* End PBXProject section */

/* Begin PBXResourcesBuildPhase section */
		9094CC79280EF10D00ED386D /* Resources */ = {
			isa = PBXResourcesBuildPhase;
			buildActionMask = 2147483647;
			files = (
				9094CC8B280EF10F00ED386D /* LaunchScreen.storyboard in Resources */,
				9094CC88280EF10F00ED386D /* Assets.xcassets in Resources */,
				9094CC86280EF10D00ED386D /* Main.storyboard in Resources */,
				9094CCC8280FFB5200ED386D /* PhotoViewCellRight.xib in Resources */,
				9094CCAE280FE65000ED386D /* PhotoViewCellLeft.xib in Resources */,
				5DFF2509284E2D0B00B32C7C /* GoogleService-Info.plist in Resources */,
			);
			runOnlyForDeploymentPostprocessing = 0;
		};
/* End PBXResourcesBuildPhase section */

/* Begin PBXShellScriptBuildPhase section */
		1EC9FBB5F3960EC614009D02 /* [CP] Check Pods Manifest.lock */ = {
			isa = PBXShellScriptBuildPhase;
			buildActionMask = 2147483647;
			files = (
			);
			inputFileListPaths = (
			);
			inputPaths = (
				"${PODS_PODFILE_DIR_PATH}/Podfile.lock",
				"${PODS_ROOT}/Manifest.lock",
			);
			name = "[CP] Check Pods Manifest.lock";
			outputFileListPaths = (
			);
			outputPaths = (
				"$(DERIVED_FILE_DIR)/Pods-demo-checkManifestLockResult.txt",
			);
			runOnlyForDeploymentPostprocessing = 0;
			shellPath = /bin/sh;
			shellScript = "diff \"${PODS_PODFILE_DIR_PATH}/Podfile.lock\" \"${PODS_ROOT}/Manifest.lock\" > /dev/null\nif [ $? != 0 ] ; then\n    # print error to STDERR\n    echo \"error: The sandbox is not in sync with the Podfile.lock. Run 'pod install' or update your CocoaPods installation.\" >&2\n    exit 1\nfi\n# This output is used by Xcode 'outputs' to avoid re-running this script phase.\necho \"SUCCESS\" > \"${SCRIPT_OUTPUT_FILE_0}\"\n";
			showEnvVarsInLog = 0;
		};
		A160471C91EDB6C23B834578 /* [CP] Embed Pods Frameworks */ = {
			isa = PBXShellScriptBuildPhase;
			buildActionMask = 2147483647;
			files = (
			);
			inputFileListPaths = (
				"${PODS_ROOT}/Target Support Files/Pods-demo/Pods-demo-frameworks-${CONFIGURATION}-input-files.xcfilelist",
			);
			name = "[CP] Embed Pods Frameworks";
			outputFileListPaths = (
				"${PODS_ROOT}/Target Support Files/Pods-demo/Pods-demo-frameworks-${CONFIGURATION}-output-files.xcfilelist",
			);
			runOnlyForDeploymentPostprocessing = 0;
			shellPath = /bin/sh;
			shellScript = "\"${PODS_ROOT}/Target Support Files/Pods-demo/Pods-demo-frameworks.sh\"\n";
			showEnvVarsInLog = 0;
		};
/* End PBXShellScriptBuildPhase section */

/* Begin PBXSourcesBuildPhase section */
		9094CC77280EF10D00ED386D /* Sources */ = {
			isa = PBXSourcesBuildPhase;
			buildActionMask = 2147483647;
			files = (
				901648D92811A1BC0018FDE2 /* PhotoTableView.swift in Sources */,
				9094CCAD280FE65000ED386D /* PhotoViewCell.swift in Sources */,
				901648EA2812E0C50018FDE2 /* WebImageViewController.swift in Sources */,
				5DFF250B284F512600B32C7C /* SilentPushNotificationService.swift in Sources */,
				5DC1D4DA284A36EE00FBC4A8 /* DesignControl.swift in Sources */,
				9094CCA8280EFD2E00ED386D /* Photo.swift in Sources */,
				901648E12811F9C50018FDE2 /* WebImageView.swift in Sources */,
				9094CCB6280FE95F00ED386D /* PhotoTableViewController.swift in Sources */,
				9094CC9E280EF26F00ED386D /* Request.swift in Sources */,
				9094CC7F280EF10D00ED386D /* AppDelegate.swift in Sources */,
				9094CC81280EF10D00ED386D /* SceneDelegate.swift in Sources */,
				5DC1D4D8284A362000FBC4A8 /* Loading.swift in Sources */,
				9094CCA5280EF53A00ED386D /* Album.swift in Sources */,
				901648EF2812EB8D0018FDE2 /* Alert.swift in Sources */,
				901648E72812E0780018FDE2 /* ImageStore.swift in Sources */,
			);
			runOnlyForDeploymentPostprocessing = 0;
		};
/* End PBXSourcesBuildPhase section */

/* Begin PBXVariantGroup section */
		9094CC84280EF10D00ED386D /* Main.storyboard */ = {
			isa = PBXVariantGroup;
			children = (
				9094CC85280EF10D00ED386D /* Base */,
			);
			name = Main.storyboard;
			sourceTree = "<group>";
		};
		9094CC89280EF10F00ED386D /* LaunchScreen.storyboard */ = {
			isa = PBXVariantGroup;
			children = (
				9094CC8A280EF10F00ED386D /* Base */,
			);
			name = LaunchScreen.storyboard;
			sourceTree = "<group>";
		};
/* End PBXVariantGroup section */

/* Begin XCBuildConfiguration section */
		9094CC8D280EF10F00ED386D /* Debug */ = {
			isa = XCBuildConfiguration;
			buildSettings = {
				ALWAYS_SEARCH_USER_PATHS = NO;
				CLANG_ANALYZER_NONNULL = YES;
				CLANG_ANALYZER_NUMBER_OBJECT_CONVERSION = YES_AGGRESSIVE;
				CLANG_CXX_LANGUAGE_STANDARD = "gnu++14";
				CLANG_CXX_LIBRARY = "libc++";
				CLANG_ENABLE_MODULES = YES;
				CLANG_ENABLE_OBJC_ARC = YES;
				CLANG_ENABLE_OBJC_WEAK = YES;
				CLANG_WARN_BLOCK_CAPTURE_AUTORELEASING = YES;
				CLANG_WARN_BOOL_CONVERSION = YES;
				CLANG_WARN_COMMA = YES;
				CLANG_WARN_CONSTANT_CONVERSION = YES;
				CLANG_WARN_DEPRECATED_OBJC_IMPLEMENTATIONS = YES;
				CLANG_WARN_DIRECT_OBJC_ISA_USAGE = YES_ERROR;
				CLANG_WARN_DOCUMENTATION_COMMENTS = YES;
				CLANG_WARN_EMPTY_BODY = YES;
				CLANG_WARN_ENUM_CONVERSION = YES;
				CLANG_WARN_INFINITE_RECURSION = YES;
				CLANG_WARN_INT_CONVERSION = YES;
				CLANG_WARN_NON_LITERAL_NULL_CONVERSION = YES;
				CLANG_WARN_OBJC_IMPLICIT_RETAIN_SELF = YES;
				CLANG_WARN_OBJC_LITERAL_CONVERSION = YES;
				CLANG_WARN_OBJC_ROOT_CLASS = YES_ERROR;
				CLANG_WARN_QUOTED_INCLUDE_IN_FRAMEWORK_HEADER = YES;
				CLANG_WARN_RANGE_LOOP_ANALYSIS = YES;
				CLANG_WARN_STRICT_PROTOTYPES = YES;
				CLANG_WARN_SUSPICIOUS_MOVE = YES;
				CLANG_WARN_UNGUARDED_AVAILABILITY = YES_AGGRESSIVE;
				CLANG_WARN_UNREACHABLE_CODE = YES;
				CLANG_WARN__DUPLICATE_METHOD_MATCH = YES;
				COPY_PHASE_STRIP = NO;
				DEBUG_INFORMATION_FORMAT = dwarf;
				ENABLE_STRICT_OBJC_MSGSEND = YES;
				ENABLE_TESTABILITY = YES;
				GCC_C_LANGUAGE_STANDARD = gnu11;
				GCC_DYNAMIC_NO_PIC = NO;
				GCC_NO_COMMON_BLOCKS = YES;
				GCC_OPTIMIZATION_LEVEL = 0;
				GCC_PREPROCESSOR_DEFINITIONS = (
					"DEBUG=1",
					"$(inherited)",
				);
				GCC_WARN_64_TO_32_BIT_CONVERSION = YES;
				GCC_WARN_ABOUT_RETURN_TYPE = YES_ERROR;
				GCC_WARN_UNDECLARED_SELECTOR = YES;
				GCC_WARN_UNINITIALIZED_AUTOS = YES_AGGRESSIVE;
				GCC_WARN_UNUSED_FUNCTION = YES;
				GCC_WARN_UNUSED_VARIABLE = YES;
				IPHONEOS_DEPLOYMENT_TARGET = 12.4;
				MTL_ENABLE_DEBUG_INFO = INCLUDE_SOURCE;
				MTL_FAST_MATH = YES;
				ONLY_ACTIVE_ARCH = YES;
				SDKROOT = iphoneos;
				SWIFT_ACTIVE_COMPILATION_CONDITIONS = DEBUG;
				SWIFT_OPTIMIZATION_LEVEL = "-Onone";
			};
			name = Debug;
		};
		9094CC8E280EF10F00ED386D /* Release */ = {
			isa = XCBuildConfiguration;
			buildSettings = {
				ALWAYS_SEARCH_USER_PATHS = NO;
				CLANG_ANALYZER_NONNULL = YES;
				CLANG_ANALYZER_NUMBER_OBJECT_CONVERSION = YES_AGGRESSIVE;
				CLANG_CXX_LANGUAGE_STANDARD = "gnu++14";
				CLANG_CXX_LIBRARY = "libc++";
				CLANG_ENABLE_MODULES = YES;
				CLANG_ENABLE_OBJC_ARC = YES;
				CLANG_ENABLE_OBJC_WEAK = YES;
				CLANG_WARN_BLOCK_CAPTURE_AUTORELEASING = YES;
				CLANG_WARN_BOOL_CONVERSION = YES;
				CLANG_WARN_COMMA = YES;
				CLANG_WARN_CONSTANT_CONVERSION = YES;
				CLANG_WARN_DEPRECATED_OBJC_IMPLEMENTATIONS = YES;
				CLANG_WARN_DIRECT_OBJC_ISA_USAGE = YES_ERROR;
				CLANG_WARN_DOCUMENTATION_COMMENTS = YES;
				CLANG_WARN_EMPTY_BODY = YES;
				CLANG_WARN_ENUM_CONVERSION = YES;
				CLANG_WARN_INFINITE_RECURSION = YES;
				CLANG_WARN_INT_CONVERSION = YES;
				CLANG_WARN_NON_LITERAL_NULL_CONVERSION = YES;
				CLANG_WARN_OBJC_IMPLICIT_RETAIN_SELF = YES;
				CLANG_WARN_OBJC_LITERAL_CONVERSION = YES;
				CLANG_WARN_OBJC_ROOT_CLASS = YES_ERROR;
				CLANG_WARN_QUOTED_INCLUDE_IN_FRAMEWORK_HEADER = YES;
				CLANG_WARN_RANGE_LOOP_ANALYSIS = YES;
				CLANG_WARN_STRICT_PROTOTYPES = YES;
				CLANG_WARN_SUSPICIOUS_MOVE = YES;
				CLANG_WARN_UNGUARDED_AVAILABILITY = YES_AGGRESSIVE;
				CLANG_WARN_UNREACHABLE_CODE = YES;
				CLANG_WARN__DUPLICATE_METHOD_MATCH = YES;
				COPY_PHASE_STRIP = NO;
				DEBUG_INFORMATION_FORMAT = "dwarf-with-dsym";
				ENABLE_NS_ASSERTIONS = NO;
				ENABLE_STRICT_OBJC_MSGSEND = YES;
				GCC_C_LANGUAGE_STANDARD = gnu11;
				GCC_NO_COMMON_BLOCKS = YES;
				GCC_WARN_64_TO_32_BIT_CONVERSION = YES;
				GCC_WARN_ABOUT_RETURN_TYPE = YES_ERROR;
				GCC_WARN_UNDECLARED_SELECTOR = YES;
				GCC_WARN_UNINITIALIZED_AUTOS = YES_AGGRESSIVE;
				GCC_WARN_UNUSED_FUNCTION = YES;
				GCC_WARN_UNUSED_VARIABLE = YES;
				IPHONEOS_DEPLOYMENT_TARGET = 12.4;
				MTL_ENABLE_DEBUG_INFO = NO;
				MTL_FAST_MATH = YES;
				SDKROOT = iphoneos;
				SWIFT_COMPILATION_MODE = wholemodule;
				SWIFT_OPTIMIZATION_LEVEL = "-O";
				VALIDATE_PRODUCT = YES;
			};
			name = Release;
		};
		9094CC90280EF10F00ED386D /* Debug */ = {
			isa = XCBuildConfiguration;
			baseConfigurationReference = 778230EE47650F8D8F651B89 /* Pods-demo.debug.xcconfig */;
			buildSettings = {
				ALWAYS_EMBED_SWIFT_STANDARD_LIBRARIES = YES;
				ASSETCATALOG_COMPILER_APPICON_NAME = AppIcon;
				ASSETCATALOG_COMPILER_GLOBAL_ACCENT_COLOR_NAME = AccentColor;
				CODE_SIGN_ENTITLEMENTS = demo/demo.entitlements;
				CODE_SIGN_STYLE = Automatic;
				DEVELOPMENT_TEAM = GFNHY6W4RV;
				INFOPLIST_FILE = demo/Info.plist;
				IPHONEOS_DEPLOYMENT_TARGET = 12.4;
				LD_RUNPATH_SEARCH_PATHS = (
					"$(inherited)",
					"@executable_path/Frameworks",
				);
				PRODUCT_BUNDLE_IDENTIFIER = com.michalh.demo;
				PRODUCT_NAME = "$(TARGET_NAME)";
				SWIFT_VERSION = 5.0;
				TARGETED_DEVICE_FAMILY = 1;
			};
			name = Debug;
		};
		9094CC91280EF10F00ED386D /* Release */ = {
			isa = XCBuildConfiguration;
			baseConfigurationReference = F4C4F9F99F910A6C569876C9 /* Pods-demo.release.xcconfig */;
			buildSettings = {
				ALWAYS_EMBED_SWIFT_STANDARD_LIBRARIES = YES;
				ASSETCATALOG_COMPILER_APPICON_NAME = AppIcon;
				ASSETCATALOG_COMPILER_GLOBAL_ACCENT_COLOR_NAME = AccentColor;
				CODE_SIGN_ENTITLEMENTS = demo/demo.entitlements;
				CODE_SIGN_STYLE = Automatic;
				DEVELOPMENT_TEAM = GFNHY6W4RV;
				INFOPLIST_FILE = demo/Info.plist;
				IPHONEOS_DEPLOYMENT_TARGET = 12.4;
				LD_RUNPATH_SEARCH_PATHS = (
					"$(inherited)",
					"@executable_path/Frameworks",
				);
				PRODUCT_BUNDLE_IDENTIFIER = com.michalh.demo;
				PRODUCT_NAME = "$(TARGET_NAME)";
				SWIFT_VERSION = 5.0;
				TARGETED_DEVICE_FAMILY = 1;
			};
			name = Release;
		};
/* End XCBuildConfiguration section */

/* Begin XCConfigurationList section */
		9094CC76280EF10D00ED386D /* Build configuration list for PBXProject "demo" */ = {
			isa = XCConfigurationList;
			buildConfigurations = (
				9094CC8D280EF10F00ED386D /* Debug */,
				9094CC8E280EF10F00ED386D /* Release */,
			);
			defaultConfigurationIsVisible = 0;
			defaultConfigurationName = Release;
		};
		9094CC8F280EF10F00ED386D /* Build configuration list for PBXNativeTarget "demo" */ = {
			isa = XCConfigurationList;
			buildConfigurations = (
				9094CC90280EF10F00ED386D /* Debug */,
				9094CC91280EF10F00ED386D /* Release */,
			);
			defaultConfigurationIsVisible = 0;
			defaultConfigurationName = Release;
		};
/* End XCConfigurationList section */

/* Begin XCRemoteSwiftPackageReference section */
		5DFF2501284E229700B32C7C /* XCRemoteSwiftPackageReference "firebase-ios-sdk" */ = {
			isa = XCRemoteSwiftPackageReference;
			repositoryURL = "https://github.com/firebase/firebase-ios-sdk";
			requirement = {
				kind = upToNextMajorVersion;
				minimumVersion = 9.0.0;
			};
		};
/* End XCRemoteSwiftPackageReference section */

/* Begin XCSwiftPackageProductDependency section */
		5DFF2502284E229700B32C7C /* FirebaseAnalytics */ = {
			isa = XCSwiftPackageProductDependency;
			package = 5DFF2501284E229700B32C7C /* XCRemoteSwiftPackageReference "firebase-ios-sdk" */;
			productName = FirebaseAnalytics;
		};
		5DFF2504284E229700B32C7C /* FirebaseMessaging */ = {
			isa = XCSwiftPackageProductDependency;
			package = 5DFF2501284E229700B32C7C /* XCRemoteSwiftPackageReference "firebase-ios-sdk" */;
			productName = FirebaseMessaging;
		};
/* End XCSwiftPackageProductDependency section */
	};
	rootObject = 9094CC73280EF10D00ED386D /* Project object */;
}
